// !$*UTF8*$!
{
	archiveVersion = 1;
	classes = {
	};
	objectVersion = 55;
	objects = {

/* Begin PBXBuildFile section */
		B0A9897FF91DD38F8652B400 /* Pods_account_organization.framework in Frameworks */ = {isa = PBXBuildFile; fileRef = 9BED170614A1262F094DC1D8 /* Pods_account_organization.framework */; };
		ED05EDF52ABA4651000F8639 /* CardInformation.swift in Sources */ = {isa = PBXBuildFile; fileRef = ED05EDF42ABA4651000F8639 /* CardInformation.swift */; };
		ED05EDFC2ABB6C3A000F8639 /* NewPantryViewController.swift in Sources */ = {isa = PBXBuildFile; fileRef = ED05EDFB2ABB6C3A000F8639 /* NewPantryViewController.swift */; };
		ED7B6B722AB93DE700A87E5C /* HomeViewController.swift in Sources */ = {isa = PBXBuildFile; fileRef = ED7B6B712AB93DE700A87E5C /* HomeViewController.swift */; };
		ED7B6B742AB93DFD00A87E5C /* TransactionCell.swift in Sources */ = {isa = PBXBuildFile; fileRef = ED7B6B732AB93DFD00A87E5C /* TransactionCell.swift */; };
		ED7B6B762AB93E2300A87E5C /* Extentions + UIButton.swift in Sources */ = {isa = PBXBuildFile; fileRef = ED7B6B752AB93E2300A87E5C /* Extentions + UIButton.swift */; };
		ED7E76212A9EBAB300A899B3 /* Extensions + UITableview.swift in Sources */ = {isa = PBXBuildFile; fileRef = ED7E76202A9EBAB300A899B3 /* Extensions + UITableview.swift */; };
		ED9776F52A657C2C0014B054 /* AppDelegate.swift in Sources */ = {isa = PBXBuildFile; fileRef = ED9776F42A657C2C0014B054 /* AppDelegate.swift */; };
		ED9776F72A657C2C0014B054 /* SceneDelegate.swift in Sources */ = {isa = PBXBuildFile; fileRef = ED9776F62A657C2C0014B054 /* SceneDelegate.swift */; };
		ED9776F92A657C2C0014B054 /* ViewController.swift in Sources */ = {isa = PBXBuildFile; fileRef = ED9776F82A657C2C0014B054 /* ViewController.swift */; };
		ED9776FC2A657C2C0014B054 /* Main.storyboard in Resources */ = {isa = PBXBuildFile; fileRef = ED9776FA2A657C2C0014B054 /* Main.storyboard */; };
		ED9776FE2A657C2E0014B054 /* Assets.xcassets in Resources */ = {isa = PBXBuildFile; fileRef = ED9776FD2A657C2E0014B054 /* Assets.xcassets */; };
		ED9777012A657C2E0014B054 /* LaunchScreen.storyboard in Resources */ = {isa = PBXBuildFile; fileRef = ED9776FF2A657C2E0014B054 /* LaunchScreen.storyboard */; };
		EDCE83BB2ABFEB01005D8A12 /* StatisticsViewController.swift in Sources */ = {isa = PBXBuildFile; fileRef = EDCE83BA2ABFEB01005D8A12 /* StatisticsViewController.swift */; };
		EDE88B9B2AB3AACE00CD9543 /* HomeModel.swift in Sources */ = {isa = PBXBuildFile; fileRef = EDE88B9A2AB3AACE00CD9543 /* HomeModel.swift */; };
		EDE88B9D2AB3AADA00CD9543 /* HomeViewModel.swift in Sources */ = {isa = PBXBuildFile; fileRef = EDE88B9C2AB3AADA00CD9543 /* HomeViewModel.swift */; };
		EDE88BA02AB3AAFF00CD9543 /* TabBarViewController.swift in Sources */ = {isa = PBXBuildFile; fileRef = EDE88B9F2AB3AAFF00CD9543 /* TabBarViewController.swift */; };
		EDE88BA62AB3B0AA00CD9543 /* ProfileViewController.swift in Sources */ = {isa = PBXBuildFile; fileRef = EDE88BA52AB3B0AA00CD9543 /* ProfileViewController.swift */; };
		EDE88BA82AB3B13000CD9543 /* Extensions + UIImageView.swift in Sources */ = {isa = PBXBuildFile; fileRef = EDE88BA72AB3B13000CD9543 /* Extensions + UIImageView.swift */; };
		EDE88BAA2AB3B16100CD9543 /* Extension + UIView.swift in Sources */ = {isa = PBXBuildFile; fileRef = EDE88BA92AB3B16000CD9543 /* Extension + UIView.swift */; };
		EDE88BAC2AB3BB8200CD9543 /* Extensions + UILabel.swift in Sources */ = {isa = PBXBuildFile; fileRef = EDE88BAB2AB3BB8200CD9543 /* Extensions + UILabel.swift */; };
		EDE88BAF2AB3C61900CD9543 /* ProfileCell.swift in Sources */ = {isa = PBXBuildFile; fileRef = EDE88BAE2AB3C61900CD9543 /* ProfileCell.swift */; };
		EDFB0B092ACC7E0800CC2197 /* Extensions + UITextField.swift in Sources */ = {isa = PBXBuildFile; fileRef = EDFB0B082ACC7E0800CC2197 /* Extensions + UITextField.swift */; };
		EDFB0B0C2ACC848D00CC2197 /* accountOrganizationCoreData.xcdatamodeld in Sources */ = {isa = PBXBuildFile; fileRef = EDFB0B0A2ACC848D00CC2197 /* accountOrganizationCoreData.xcdatamodeld */; };
		EDFB0B0F2ACC958C00CC2197 /* NewPantryViewModel.swift in Sources */ = {isa = PBXBuildFile; fileRef = EDFB0B0E2ACC958C00CC2197 /* NewPantryViewModel.swift */; };
		EDFB0B112ACCA71600CC2197 /* ExpensesModel.swift in Sources */ = {isa = PBXBuildFile; fileRef = EDFB0B102ACCA71600CC2197 /* ExpensesModel.swift */; };
/* End PBXBuildFile section */

/* Begin PBXFileReference section */
		3E95C2173288FB958CD4640E /* Pods-account-organization.release.xcconfig */ = {isa = PBXFileReference; includeInIndex = 1; lastKnownFileType = text.xcconfig; name = "Pods-account-organization.release.xcconfig"; path = "Target Support Files/Pods-account-organization/Pods-account-organization.release.xcconfig"; sourceTree = "<group>"; };
		4E60B2777120E32EF7937621 /* Pods-account-organization.debug.xcconfig */ = {isa = PBXFileReference; includeInIndex = 1; lastKnownFileType = text.xcconfig; name = "Pods-account-organization.debug.xcconfig"; path = "Target Support Files/Pods-account-organization/Pods-account-organization.debug.xcconfig"; sourceTree = "<group>"; };
		9BED170614A1262F094DC1D8 /* Pods_account_organization.framework */ = {isa = PBXFileReference; explicitFileType = wrapper.framework; includeInIndex = 0; path = Pods_account_organization.framework; sourceTree = BUILT_PRODUCTS_DIR; };
		ED05EDF42ABA4651000F8639 /* CardInformation.swift */ = {isa = PBXFileReference; lastKnownFileType = sourcecode.swift; path = CardInformation.swift; sourceTree = "<group>"; };
		ED05EDFB2ABB6C3A000F8639 /* NewPantryViewController.swift */ = {isa = PBXFileReference; lastKnownFileType = sourcecode.swift; path = NewPantryViewController.swift; sourceTree = "<group>"; };
		ED7B6B712AB93DE700A87E5C /* HomeViewController.swift */ = {isa = PBXFileReference; fileEncoding = 4; lastKnownFileType = sourcecode.swift; path = HomeViewController.swift; sourceTree = "<group>"; };
		ED7B6B732AB93DFD00A87E5C /* TransactionCell.swift */ = {isa = PBXFileReference; fileEncoding = 4; lastKnownFileType = sourcecode.swift; path = TransactionCell.swift; sourceTree = "<group>"; };
		ED7B6B752AB93E2300A87E5C /* Extentions + UIButton.swift */ = {isa = PBXFileReference; fileEncoding = 4; lastKnownFileType = sourcecode.swift; path = "Extentions + UIButton.swift"; sourceTree = "<group>"; };
		ED7E76202A9EBAB300A899B3 /* Extensions + UITableview.swift */ = {isa = PBXFileReference; lastKnownFileType = sourcecode.swift; path = "Extensions + UITableview.swift"; sourceTree = "<group>"; };
		ED9776F12A657C2C0014B054 /* account-organization.app */ = {isa = PBXFileReference; explicitFileType = wrapper.application; includeInIndex = 0; path = "account-organization.app"; sourceTree = BUILT_PRODUCTS_DIR; };
		ED9776F42A657C2C0014B054 /* AppDelegate.swift */ = {isa = PBXFileReference; lastKnownFileType = sourcecode.swift; path = AppDelegate.swift; sourceTree = "<group>"; };
		ED9776F62A657C2C0014B054 /* SceneDelegate.swift */ = {isa = PBXFileReference; lastKnownFileType = sourcecode.swift; path = SceneDelegate.swift; sourceTree = "<group>"; };
		ED9776F82A657C2C0014B054 /* ViewController.swift */ = {isa = PBXFileReference; lastKnownFileType = sourcecode.swift; path = ViewController.swift; sourceTree = "<group>"; };
		ED9776FB2A657C2C0014B054 /* Base */ = {isa = PBXFileReference; lastKnownFileType = file.storyboard; name = Base; path = Base.lproj/Main.storyboard; sourceTree = "<group>"; };
		ED9776FD2A657C2E0014B054 /* Assets.xcassets */ = {isa = PBXFileReference; lastKnownFileType = folder.assetcatalog; path = Assets.xcassets; sourceTree = "<group>"; };
		ED9777002A657C2E0014B054 /* Base */ = {isa = PBXFileReference; lastKnownFileType = file.storyboard; name = Base; path = Base.lproj/LaunchScreen.storyboard; sourceTree = "<group>"; };
		ED9777022A657C2E0014B054 /* Info.plist */ = {isa = PBXFileReference; lastKnownFileType = text.plist.xml; path = Info.plist; sourceTree = "<group>"; };
		EDCE83BA2ABFEB01005D8A12 /* StatisticsViewController.swift */ = {isa = PBXFileReference; lastKnownFileType = sourcecode.swift; path = StatisticsViewController.swift; sourceTree = "<group>"; };
		EDE88B9A2AB3AACE00CD9543 /* HomeModel.swift */ = {isa = PBXFileReference; lastKnownFileType = sourcecode.swift; name = HomeModel.swift; path = "account-organization/TabBar/HomeModel.swift"; sourceTree = SOURCE_ROOT; };
		EDE88B9C2AB3AADA00CD9543 /* HomeViewModel.swift */ = {isa = PBXFileReference; lastKnownFileType = sourcecode.swift; name = HomeViewModel.swift; path = "account-organization/TabBar/HomeViewModel.swift"; sourceTree = SOURCE_ROOT; };
		EDE88B9F2AB3AAFF00CD9543 /* TabBarViewController.swift */ = {isa = PBXFileReference; lastKnownFileType = sourcecode.swift; path = TabBarViewController.swift; sourceTree = "<group>"; };
		EDE88BA52AB3B0AA00CD9543 /* ProfileViewController.swift */ = {isa = PBXFileReference; lastKnownFileType = sourcecode.swift; path = ProfileViewController.swift; sourceTree = "<group>"; };
		EDE88BA72AB3B13000CD9543 /* Extensions + UIImageView.swift */ = {isa = PBXFileReference; lastKnownFileType = sourcecode.swift; path = "Extensions + UIImageView.swift"; sourceTree = "<group>"; };
		EDE88BA92AB3B16000CD9543 /* Extension + UIView.swift */ = {isa = PBXFileReference; lastKnownFileType = sourcecode.swift; path = "Extension + UIView.swift"; sourceTree = "<group>"; };
		EDE88BAB2AB3BB8200CD9543 /* Extensions + UILabel.swift */ = {isa = PBXFileReference; lastKnownFileType = sourcecode.swift; path = "Extensions + UILabel.swift"; sourceTree = "<group>"; };
		EDE88BAE2AB3C61900CD9543 /* ProfileCell.swift */ = {isa = PBXFileReference; lastKnownFileType = sourcecode.swift; path = ProfileCell.swift; sourceTree = "<group>"; };
		EDFB0B082ACC7E0800CC2197 /* Extensions + UITextField.swift */ = {isa = PBXFileReference; fileEncoding = 4; lastKnownFileType = sourcecode.swift; path = "Extensions + UITextField.swift"; sourceTree = "<group>"; };
		EDFB0B0B2ACC848D00CC2197 /* accountOrganizationCoreData.xcdatamodel */ = {isa = PBXFileReference; lastKnownFileType = wrapper.xcdatamodel; path = accountOrganizationCoreData.xcdatamodel; sourceTree = "<group>"; };
		EDFB0B0E2ACC958C00CC2197 /* NewPantryViewModel.swift */ = {isa = PBXFileReference; lastKnownFileType = sourcecode.swift; path = NewPantryViewModel.swift; sourceTree = "<group>"; };
		EDFB0B102ACCA71600CC2197 /* ExpensesModel.swift */ = {isa = PBXFileReference; lastKnownFileType = sourcecode.swift; path = ExpensesModel.swift; sourceTree = "<group>"; };
/* End PBXFileReference section */

/* Begin PBXFrameworksBuildPhase section */
		ED9776EE2A657C2C0014B054 /* Frameworks */ = {
			isa = PBXFrameworksBuildPhase;
			buildActionMask = 2147483647;
			files = (
				B0A9897FF91DD38F8652B400 /* Pods_account_organization.framework in Frameworks */,
			);
			runOnlyForDeploymentPostprocessing = 0;
		};
/* End PBXFrameworksBuildPhase section */

/* Begin PBXGroup section */
		4A9D8073AB8B28708911AFA0 /* Frameworks */ = {
			isa = PBXGroup;
			children = (
				9BED170614A1262F094DC1D8 /* Pods_account_organization.framework */,
			);
			name = Frameworks;
			sourceTree = "<group>";
		};
		BB2A831B100C9CE8FC309853 /* Pods */ = {
			isa = PBXGroup;
			children = (
				4E60B2777120E32EF7937621 /* Pods-account-organization.debug.xcconfig */,
				3E95C2173288FB958CD4640E /* Pods-account-organization.release.xcconfig */,
			);
			path = Pods;
			sourceTree = "<group>";
		};
		ED05EDF32ABA4638000F8639 /* CardInformation */ = {
			isa = PBXGroup;
			children = (
				ED05EDF42ABA4651000F8639 /* CardInformation.swift */,
			);
			path = CardInformation;
			sourceTree = "<group>";
		};
		ED05EDF62ABA7769000F8639 /* ChartView */ = {
			isa = PBXGroup;
			children = (
			);
			path = ChartView;
			sourceTree = "<group>";
		};
		ED05EDF92ABB6BD8000F8639 /* NewPantry */ = {
			isa = PBXGroup;
			children = (
				EDFB0B0D2ACC957E00CC2197 /* ViewModel */,
				ED05EDFA2ABB6C24000F8639 /* View */,
				EDFB0B102ACCA71600CC2197 /* ExpensesModel.swift */,
			);
			path = NewPantry;
			sourceTree = "<group>";
		};
		ED05EDFA2ABB6C24000F8639 /* View */ = {
			isa = PBXGroup;
			children = (
				ED05EDFB2ABB6C3A000F8639 /* NewPantryViewController.swift */,
			);
			path = View;
			sourceTree = "<group>";
		};
		ED7E761F2A9EBA7600A899B3 /* Extensions */ = {
			isa = PBXGroup;
			children = (
				ED7E76202A9EBAB300A899B3 /* Extensions + UITableview.swift */,
				EDE88BA72AB3B13000CD9543 /* Extensions + UIImageView.swift */,
				EDE88BA92AB3B16000CD9543 /* Extension + UIView.swift */,
				EDE88BAB2AB3BB8200CD9543 /* Extensions + UILabel.swift */,
				EDFB0B082ACC7E0800CC2197 /* Extensions + UITextField.swift */,
				ED7B6B752AB93E2300A87E5C /* Extentions + UIButton.swift */,
			);
			path = Extensions;
			sourceTree = "<group>";
		};
		ED9776E82A657C2C0014B054 = {
			isa = PBXGroup;
			children = (
				ED9776F32A657C2C0014B054 /* account-organization */,
				ED9776F22A657C2C0014B054 /* Products */,
				BB2A831B100C9CE8FC309853 /* Pods */,
				4A9D8073AB8B28708911AFA0 /* Frameworks */,
			);
			sourceTree = "<group>";
		};
		ED9776F22A657C2C0014B054 /* Products */ = {
			isa = PBXGroup;
			children = (
				ED9776F12A657C2C0014B054 /* account-organization.app */,
			);
			name = Products;
			sourceTree = "<group>";
		};
		ED9776F32A657C2C0014B054 /* account-organization */ = {
			isa = PBXGroup;
			children = (
				ED7E761F2A9EBA7600A899B3 /* Extensions */,
				EDE88B992AB3AA6600CD9543 /* Scenes */,
				ED9776F42A657C2C0014B054 /* AppDelegate.swift */,
				ED9776F62A657C2C0014B054 /* SceneDelegate.swift */,
				ED9776FD2A657C2E0014B054 /* Assets.xcassets */,
				ED9776FF2A657C2E0014B054 /* LaunchScreen.storyboard */,
				ED9777022A657C2E0014B054 /* Info.plist */,
				EDFB0B0A2ACC848D00CC2197 /* accountOrganizationCoreData.xcdatamodeld */,
			);
			path = "account-organization";
			sourceTree = "<group>";
		};
		EDCE83B82ABFEAE9005D8A12 /* Statistics */ = {
			isa = PBXGroup;
			children = (
				EDCE83B92ABFEAF0005D8A12 /* View */,
			);
			path = Statistics;
			sourceTree = "<group>";
		};
		EDCE83B92ABFEAF0005D8A12 /* View */ = {
			isa = PBXGroup;
			children = (
				EDCE83BA2ABFEB01005D8A12 /* StatisticsViewController.swift */,
			);
			path = View;
			sourceTree = "<group>";
		};
		EDE88B992AB3AA6600CD9543 /* Scenes */ = {
			isa = PBXGroup;
			children = (
				EDCE83B82ABFEAE9005D8A12 /* Statistics */,
				ED05EDF92ABB6BD8000F8639 /* NewPantry */,
				ED05EDF62ABA7769000F8639 /* ChartView */,
				EDE88B9E2AB3AAF100CD9543 /* TabBar */,
				EDE88BA12AB3B01F00CD9543 /* Profile */,
				EDF249F32A6F095B002C36B2 /* Home */,
			);
			path = Scenes;
			sourceTree = "<group>";
		};
		EDE88B9E2AB3AAF100CD9543 /* TabBar */ = {
			isa = PBXGroup;
			children = (
				EDE88B9F2AB3AAFF00CD9543 /* TabBarViewController.swift */,
			);
			path = TabBar;
			sourceTree = "<group>";
		};
		EDE88BA12AB3B01F00CD9543 /* Profile */ = {
			isa = PBXGroup;
			children = (
				EDE88BA42AB3B03700CD9543 /* Model */,
				EDE88BA32AB3B03200CD9543 /* ViewModel */,
				EDE88BA22AB3B02B00CD9543 /* View */,
			);
			path = Profile;
			sourceTree = "<group>";
		};
		EDE88BA22AB3B02B00CD9543 /* View */ = {
			isa = PBXGroup;
			children = (
				EDE88BAD2AB3C5E300CD9543 /* Cell */,
				EDE88BA52AB3B0AA00CD9543 /* ProfileViewController.swift */,
			);
			path = View;
			sourceTree = "<group>";
		};
		EDE88BA32AB3B03200CD9543 /* ViewModel */ = {
			isa = PBXGroup;
			children = (
			);
			path = ViewModel;
			sourceTree = "<group>";
		};
		EDE88BA42AB3B03700CD9543 /* Model */ = {
			isa = PBXGroup;
			children = (
			);
			path = Model;
			sourceTree = "<group>";
		};
		EDE88BAD2AB3C5E300CD9543 /* Cell */ = {
			isa = PBXGroup;
			children = (
				EDE88BAE2AB3C61900CD9543 /* ProfileCell.swift */,
			);
			path = Cell;
			sourceTree = "<group>";
		};
		EDF249F32A6F095B002C36B2 /* Home */ = {
			isa = PBXGroup;
			children = (
				EDF249F62A6F096C002C36B2 /* View */,
				EDF249F52A6F0965002C36B2 /* ViewModel */,
				EDF249F42A6F0961002C36B2 /* Model */,
			);
			path = Home;
			sourceTree = "<group>";
		};
		EDF249F42A6F0961002C36B2 /* Model */ = {
			isa = PBXGroup;
			children = (
				EDE88B9A2AB3AACE00CD9543 /* HomeModel.swift */,
			);
			path = Model;
			sourceTree = "<group>";
		};
		EDF249F52A6F0965002C36B2 /* ViewModel */ = {
			isa = PBXGroup;
			children = (
				EDE88B9C2AB3AADA00CD9543 /* HomeViewModel.swift */,
			);
			path = ViewModel;
			sourceTree = "<group>";
		};
		EDF249F62A6F096C002C36B2 /* View */ = {
			isa = PBXGroup;
			children = (
				ED05EDF32ABA4638000F8639 /* CardInformation */,
				ED7B6B712AB93DE700A87E5C /* HomeViewController.swift */,
				EDF249F72A6F0C0E002C36B2 /* Cell */,
				ED9776F82A657C2C0014B054 /* ViewController.swift */,
				ED9776FA2A657C2C0014B054 /* Main.storyboard */,
			);
			path = View;
			sourceTree = "<group>";
		};
		EDF249F72A6F0C0E002C36B2 /* Cell */ = {
			isa = PBXGroup;
			children = (
				ED7B6B732AB93DFD00A87E5C /* TransactionCell.swift */,
			);
			path = Cell;
			sourceTree = "<group>";
		};
		EDFB0B0D2ACC957E00CC2197 /* ViewModel */ = {
			isa = PBXGroup;
			children = (
				EDFB0B0E2ACC958C00CC2197 /* NewPantryViewModel.swift */,
			);
			path = ViewModel;
			sourceTree = "<group>";
		};
/* End PBXGroup section */

/* Begin PBXNativeTarget section */
		ED9776F02A657C2C0014B054 /* account-organization */ = {
			isa = PBXNativeTarget;
			buildConfigurationList = ED9777052A657C2E0014B054 /* Build configuration list for PBXNativeTarget "account-organization" */;
			buildPhases = (
				AC9F38C7ED66B3897B28F3B7 /* [CP] Check Pods Manifest.lock */,
				ED9776ED2A657C2C0014B054 /* Sources */,
				ED9776EE2A657C2C0014B054 /* Frameworks */,
				ED9776EF2A657C2C0014B054 /* Resources */,
				7AF7817723E9601166552E04 /* [CP] Embed Pods Frameworks */,
			);
			buildRules = (
			);
			dependencies = (
			);
			name = "account-organization";
			productName = "account-organization";
			productReference = ED9776F12A657C2C0014B054 /* account-organization.app */;
			productType = "com.apple.product-type.application";
		};
/* End PBXNativeTarget section */

/* Begin PBXProject section */
		ED9776E92A657C2C0014B054 /* Project object */ = {
			isa = PBXProject;
			attributes = {
				BuildIndependentTargetsInParallel = 1;
				LastSwiftUpdateCheck = 1410;
				LastUpgradeCheck = 1410;
				TargetAttributes = {
					ED9776F02A657C2C0014B054 = {
						CreatedOnToolsVersion = 14.1;
					};
				};
			};
			buildConfigurationList = ED9776EC2A657C2C0014B054 /* Build configuration list for PBXProject "account-organization" */;
			compatibilityVersion = "Xcode 13.0";
			developmentRegion = en;
			hasScannedForEncodings = 0;
			knownRegions = (
				en,
				Base,
			);
			mainGroup = ED9776E82A657C2C0014B054;
			productRefGroup = ED9776F22A657C2C0014B054 /* Products */;
			projectDirPath = "";
			projectRoot = "";
			targets = (
				ED9776F02A657C2C0014B054 /* account-organization */,
			);
		};
/* End PBXProject section */

/* Begin PBXResourcesBuildPhase section */
		ED9776EF2A657C2C0014B054 /* Resources */ = {
			isa = PBXResourcesBuildPhase;
			buildActionMask = 2147483647;
			files = (
				ED9777012A657C2E0014B054 /* LaunchScreen.storyboard in Resources */,
				ED9776FE2A657C2E0014B054 /* Assets.xcassets in Resources */,
				ED9776FC2A657C2C0014B054 /* Main.storyboard in Resources */,
			);
			runOnlyForDeploymentPostprocessing = 0;
		};
/* End PBXResourcesBuildPhase section */

/* Begin PBXShellScriptBuildPhase section */
		7AF7817723E9601166552E04 /* [CP] Embed Pods Frameworks */ = {
			isa = PBXShellScriptBuildPhase;
			buildActionMask = 2147483647;
			files = (
			);
			inputFileListPaths = (
				"${PODS_ROOT}/Target Support Files/Pods-account-organization/Pods-account-organization-frameworks-${CONFIGURATION}-input-files.xcfilelist",
			);
			name = "[CP] Embed Pods Frameworks";
			outputFileListPaths = (
				"${PODS_ROOT}/Target Support Files/Pods-account-organization/Pods-account-organization-frameworks-${CONFIGURATION}-output-files.xcfilelist",
			);
			runOnlyForDeploymentPostprocessing = 0;
			shellPath = /bin/sh;
			shellScript = "\"${PODS_ROOT}/Target Support Files/Pods-account-organization/Pods-account-organization-frameworks.sh\"\n";
			showEnvVarsInLog = 0;
		};
		AC9F38C7ED66B3897B28F3B7 /* [CP] Check Pods Manifest.lock */ = {
			isa = PBXShellScriptBuildPhase;
			buildActionMask = 2147483647;
			files = (
			);
			inputFileListPaths = (
			);
			inputPaths = (
				"${PODS_PODFILE_DIR_PATH}/Podfile.lock",
				"${PODS_ROOT}/Manifest.lock",
			);
			name = "[CP] Check Pods Manifest.lock";
			outputFileListPaths = (
			);
			outputPaths = (
				"$(DERIVED_FILE_DIR)/Pods-account-organization-checkManifestLockResult.txt",
			);
			runOnlyForDeploymentPostprocessing = 0;
			shellPath = /bin/sh;
			shellScript = "diff \"${PODS_PODFILE_DIR_PATH}/Podfile.lock\" \"${PODS_ROOT}/Manifest.lock\" > /dev/null\nif [ $? != 0 ] ; then\n    # print error to STDERR\n    echo \"error: The sandbox is not in sync with the Podfile.lock. Run 'pod install' or update your CocoaPods installation.\" >&2\n    exit 1\nfi\n# This output is used by Xcode 'outputs' to avoid re-running this script phase.\necho \"SUCCESS\" > \"${SCRIPT_OUTPUT_FILE_0}\"\n";
			showEnvVarsInLog = 0;
		};
/* End PBXShellScriptBuildPhase section */

/* Begin PBXSourcesBuildPhase section */
		ED9776ED2A657C2C0014B054 /* Sources */ = {
			isa = PBXSourcesBuildPhase;
			buildActionMask = 2147483647;
			files = (
				ED05EDF52ABA4651000F8639 /* CardInformation.swift in Sources */,
				ED7B6B742AB93DFD00A87E5C /* TransactionCell.swift in Sources */,
				EDFB0B112ACCA71600CC2197 /* ExpensesModel.swift in Sources */,
				EDE88BAF2AB3C61900CD9543 /* ProfileCell.swift in Sources */,
				EDFB0B0F2ACC958C00CC2197 /* NewPantryViewModel.swift in Sources */,
				ED05EDFC2ABB6C3A000F8639 /* NewPantryViewController.swift in Sources */,
				EDE88BAA2AB3B16100CD9543 /* Extension + UIView.swift in Sources */,
				EDFB0B0C2ACC848D00CC2197 /* accountOrganizationCoreData.xcdatamodeld in Sources */,
				EDCE83BB2ABFEB01005D8A12 /* StatisticsViewController.swift in Sources */,
				EDE88BA02AB3AAFF00CD9543 /* TabBarViewController.swift in Sources */,
				EDE88BAC2AB3BB8200CD9543 /* Extensions + UILabel.swift in Sources */,
				ED7E76212A9EBAB300A899B3 /* Extensions + UITableview.swift in Sources */,
				ED9776F92A657C2C0014B054 /* ViewController.swift in Sources */,
				EDFB0B092ACC7E0800CC2197 /* Extensions + UITextField.swift in Sources */,
				EDE88B9D2AB3AADA00CD9543 /* HomeViewModel.swift in Sources */,
				ED7B6B762AB93E2300A87E5C /* Extentions + UIButton.swift in Sources */,
				EDE88B9B2AB3AACE00CD9543 /* HomeModel.swift in Sources */,
				EDE88BA62AB3B0AA00CD9543 /* ProfileViewController.swift in Sources */,
				ED9776F52A657C2C0014B054 /* AppDelegate.swift in Sources */,
				EDE88BA82AB3B13000CD9543 /* Extensions + UIImageView.swift in Sources */,
				ED7B6B722AB93DE700A87E5C /* HomeViewController.swift in Sources */,
				ED9776F72A657C2C0014B054 /* SceneDelegate.swift in Sources */,
			);
			runOnlyForDeploymentPostprocessing = 0;
		};
/* End PBXSourcesBuildPhase section */

/* Begin PBXVariantGroup section */
		ED9776FA2A657C2C0014B054 /* Main.storyboard */ = {
			isa = PBXVariantGroup;
			children = (
				ED9776FB2A657C2C0014B054 /* Base */,
			);
			name = Main.storyboard;
			sourceTree = "<group>";
		};
		ED9776FF2A657C2E0014B054 /* LaunchScreen.storyboard */ = {
			isa = PBXVariantGroup;
			children = (
				ED9777002A657C2E0014B054 /* Base */,
			);
			name = LaunchScreen.storyboard;
			sourceTree = "<group>";
		};
/* End PBXVariantGroup section */

/* Begin XCBuildConfiguration section */
		ED9777032A657C2E0014B054 /* Debug */ = {
			isa = XCBuildConfiguration;
			buildSettings = {
				ALWAYS_SEARCH_USER_PATHS = NO;
				CLANG_ANALYZER_NONNULL = YES;
				CLANG_ANALYZER_NUMBER_OBJECT_CONVERSION = YES_AGGRESSIVE;
				CLANG_CXX_LANGUAGE_STANDARD = "gnu++20";
				CLANG_ENABLE_MODULES = YES;
				CLANG_ENABLE_OBJC_ARC = YES;
				CLANG_ENABLE_OBJC_WEAK = YES;
				CLANG_WARN_BLOCK_CAPTURE_AUTORELEASING = YES;
				CLANG_WARN_BOOL_CONVERSION = YES;
				CLANG_WARN_COMMA = YES;
				CLANG_WARN_CONSTANT_CONVERSION = YES;
				CLANG_WARN_DEPRECATED_OBJC_IMPLEMENTATIONS = YES;
				CLANG_WARN_DIRECT_OBJC_ISA_USAGE = YES_ERROR;
				CLANG_WARN_DOCUMENTATION_COMMENTS = YES;
				CLANG_WARN_EMPTY_BODY = YES;
				CLANG_WARN_ENUM_CONVERSION = YES;
				CLANG_WARN_INFINITE_RECURSION = YES;
				CLANG_WARN_INT_CONVERSION = YES;
				CLANG_WARN_NON_LITERAL_NULL_CONVERSION = YES;
				CLANG_WARN_OBJC_IMPLICIT_RETAIN_SELF = YES;
				CLANG_WARN_OBJC_LITERAL_CONVERSION = YES;
				CLANG_WARN_OBJC_ROOT_CLASS = YES_ERROR;
				CLANG_WARN_QUOTED_INCLUDE_IN_FRAMEWORK_HEADER = YES;
				CLANG_WARN_RANGE_LOOP_ANALYSIS = YES;
				CLANG_WARN_STRICT_PROTOTYPES = YES;
				CLANG_WARN_SUSPICIOUS_MOVE = YES;
				CLANG_WARN_UNGUARDED_AVAILABILITY = YES_AGGRESSIVE;
				CLANG_WARN_UNREACHABLE_CODE = YES;
				CLANG_WARN__DUPLICATE_METHOD_MATCH = YES;
				COPY_PHASE_STRIP = NO;
				DEBUG_INFORMATION_FORMAT = dwarf;
				ENABLE_STRICT_OBJC_MSGSEND = YES;
				ENABLE_TESTABILITY = YES;
				GCC_C_LANGUAGE_STANDARD = gnu11;
				GCC_DYNAMIC_NO_PIC = NO;
				GCC_NO_COMMON_BLOCKS = YES;
				GCC_OPTIMIZATION_LEVEL = 0;
				GCC_PREPROCESSOR_DEFINITIONS = (
					"DEBUG=1",
					"$(inherited)",
				);
				GCC_WARN_64_TO_32_BIT_CONVERSION = YES;
				GCC_WARN_ABOUT_RETURN_TYPE = YES_ERROR;
				GCC_WARN_UNDECLARED_SELECTOR = YES;
				GCC_WARN_UNINITIALIZED_AUTOS = YES_AGGRESSIVE;
				GCC_WARN_UNUSED_FUNCTION = YES;
				GCC_WARN_UNUSED_VARIABLE = YES;
				IPHONEOS_DEPLOYMENT_TARGET = 16.1;
				MTL_ENABLE_DEBUG_INFO = INCLUDE_SOURCE;
				MTL_FAST_MATH = YES;
				ONLY_ACTIVE_ARCH = YES;
				SDKROOT = iphoneos;
				SWIFT_ACTIVE_COMPILATION_CONDITIONS = DEBUG;
				SWIFT_OPTIMIZATION_LEVEL = "-Onone";
			};
			name = Debug;
		};
		ED9777042A657C2E0014B054 /* Release */ = {
			isa = XCBuildConfiguration;
			buildSettings = {
				ALWAYS_SEARCH_USER_PATHS = NO;
				CLANG_ANALYZER_NONNULL = YES;
				CLANG_ANALYZER_NUMBER_OBJECT_CONVERSION = YES_AGGRESSIVE;
				CLANG_CXX_LANGUAGE_STANDARD = "gnu++20";
				CLANG_ENABLE_MODULES = YES;
				CLANG_ENABLE_OBJC_ARC = YES;
				CLANG_ENABLE_OBJC_WEAK = YES;
				CLANG_WARN_BLOCK_CAPTURE_AUTORELEASING = YES;
				CLANG_WARN_BOOL_CONVERSION = YES;
				CLANG_WARN_COMMA = YES;
				CLANG_WARN_CONSTANT_CONVERSION = YES;
				CLANG_WARN_DEPRECATED_OBJC_IMPLEMENTATIONS = YES;
				CLANG_WARN_DIRECT_OBJC_ISA_USAGE = YES_ERROR;
				CLANG_WARN_DOCUMENTATION_COMMENTS = YES;
				CLANG_WARN_EMPTY_BODY = YES;
				CLANG_WARN_ENUM_CONVERSION = YES;
				CLANG_WARN_INFINITE_RECURSION = YES;
				CLANG_WARN_INT_CONVERSION = YES;
				CLANG_WARN_NON_LITERAL_NULL_CONVERSION = YES;
				CLANG_WARN_OBJC_IMPLICIT_RETAIN_SELF = YES;
				CLANG_WARN_OBJC_LITERAL_CONVERSION = YES;
				CLANG_WARN_OBJC_ROOT_CLASS = YES_ERROR;
				CLANG_WARN_QUOTED_INCLUDE_IN_FRAMEWORK_HEADER = YES;
				CLANG_WARN_RANGE_LOOP_ANALYSIS = YES;
				CLANG_WARN_STRICT_PROTOTYPES = YES;
				CLANG_WARN_SUSPICIOUS_MOVE = YES;
				CLANG_WARN_UNGUARDED_AVAILABILITY = YES_AGGRESSIVE;
				CLANG_WARN_UNREACHABLE_CODE = YES;
				CLANG_WARN__DUPLICATE_METHOD_MATCH = YES;
				COPY_PHASE_STRIP = NO;
				DEBUG_INFORMATION_FORMAT = "dwarf-with-dsym";
				ENABLE_NS_ASSERTIONS = NO;
				ENABLE_STRICT_OBJC_MSGSEND = YES;
				GCC_C_LANGUAGE_STANDARD = gnu11;
				GCC_NO_COMMON_BLOCKS = YES;
				GCC_WARN_64_TO_32_BIT_CONVERSION = YES;
				GCC_WARN_ABOUT_RETURN_TYPE = YES_ERROR;
				GCC_WARN_UNDECLARED_SELECTOR = YES;
				GCC_WARN_UNINITIALIZED_AUTOS = YES_AGGRESSIVE;
				GCC_WARN_UNUSED_FUNCTION = YES;
				GCC_WARN_UNUSED_VARIABLE = YES;
				IPHONEOS_DEPLOYMENT_TARGET = 16.1;
				MTL_ENABLE_DEBUG_INFO = NO;
				MTL_FAST_MATH = YES;
				SDKROOT = iphoneos;
				SWIFT_COMPILATION_MODE = wholemodule;
				SWIFT_OPTIMIZATION_LEVEL = "-O";
				VALIDATE_PRODUCT = YES;
			};
			name = Release;
		};
		ED9777062A657C2E0014B054 /* Debug */ = {
			isa = XCBuildConfiguration;
			baseConfigurationReference = 4E60B2777120E32EF7937621 /* Pods-account-organization.debug.xcconfig */;
			buildSettings = {
				ASSETCATALOG_COMPILER_APPICON_NAME = AppIcon;
				ASSETCATALOG_COMPILER_GLOBAL_ACCENT_COLOR_NAME = AccentColor;
				CODE_SIGN_STYLE = Automatic;
				CURRENT_PROJECT_VERSION = 1;
				DEVELOPMENT_TEAM = G34P733PWC;
				GENERATE_INFOPLIST_FILE = YES;
				INFOPLIST_FILE = "account-organization/Info.plist";
				INFOPLIST_KEY_UIApplicationSupportsIndirectInputEvents = YES;
				INFOPLIST_KEY_UILaunchStoryboardName = LaunchScreen;
				INFOPLIST_KEY_UIMainStoryboardFile = Main;
				INFOPLIST_KEY_UISupportedInterfaceOrientations_iPad = "UIInterfaceOrientationPortrait UIInterfaceOrientationPortraitUpsideDown UIInterfaceOrientationLandscapeLeft UIInterfaceOrientationLandscapeRight";
				INFOPLIST_KEY_UISupportedInterfaceOrientations_iPhone = "UIInterfaceOrientationPortrait UIInterfaceOrientationLandscapeLeft UIInterfaceOrientationLandscapeRight";
				LD_RUNPATH_SEARCH_PATHS = (
					"$(inherited)",
					"@executable_path/Frameworks",
				);
				MARKETING_VERSION = 1.0;
				PRODUCT_BUNDLE_IDENTIFIER = "com.projects.moraes.account-organization";
				PRODUCT_NAME = "$(TARGET_NAME)";
				SWIFT_EMIT_LOC_STRINGS = YES;
				SWIFT_VERSION = 5.0;
				TARGETED_DEVICE_FAMILY = "1,2";
			};
			name = Debug;
		};
		ED9777072A657C2E0014B054 /* Release */ = {
			isa = XCBuildConfiguration;
			baseConfigurationReference = 3E95C2173288FB958CD4640E /* Pods-account-organization.release.xcconfig */;
			buildSettings = {
				ASSETCATALOG_COMPILER_APPICON_NAME = AppIcon;
				ASSETCATALOG_COMPILER_GLOBAL_ACCENT_COLOR_NAME = AccentColor;
				CODE_SIGN_STYLE = Automatic;
				CURRENT_PROJECT_VERSION = 1;
				DEVELOPMENT_TEAM = G34P733PWC;
				GENERATE_INFOPLIST_FILE = YES;
				INFOPLIST_FILE = "account-organization/Info.plist";
				INFOPLIST_KEY_UIApplicationSupportsIndirectInputEvents = YES;
				INFOPLIST_KEY_UILaunchStoryboardName = LaunchScreen;
				INFOPLIST_KEY_UIMainStoryboardFile = Main;
				INFOPLIST_KEY_UISupportedInterfaceOrientations_iPad = "UIInterfaceOrientationPortrait UIInterfaceOrientationPortraitUpsideDown UIInterfaceOrientationLandscapeLeft UIInterfaceOrientationLandscapeRight";
				INFOPLIST_KEY_UISupportedInterfaceOrientations_iPhone = "UIInterfaceOrientationPortrait UIInterfaceOrientationLandscapeLeft UIInterfaceOrientationLandscapeRight";
				LD_RUNPATH_SEARCH_PATHS = (
					"$(inherited)",
					"@executable_path/Frameworks",
				);
				MARKETING_VERSION = 1.0;
				PRODUCT_BUNDLE_IDENTIFIER = "com.projects.moraes.account-organization";
				PRODUCT_NAME = "$(TARGET_NAME)";
				SWIFT_EMIT_LOC_STRINGS = YES;
				SWIFT_VERSION = 5.0;
				TARGETED_DEVICE_FAMILY = "1,2";
			};
			name = Release;
		};
/* End XCBuildConfiguration section */

/* Begin XCConfigurationList section */
		ED9776EC2A657C2C0014B054 /* Build configuration list for PBXProject "account-organization" */ = {
			isa = XCConfigurationList;
			buildConfigurations = (
				ED9777032A657C2E0014B054 /* Debug */,
				ED9777042A657C2E0014B054 /* Release */,
			);
			defaultConfigurationIsVisible = 0;
			defaultConfigurationName = Release;
		};
		ED9777052A657C2E0014B054 /* Build configuration list for PBXNativeTarget "account-organization" */ = {
			isa = XCConfigurationList;
			buildConfigurations = (
				ED9777062A657C2E0014B054 /* Debug */,
				ED9777072A657C2E0014B054 /* Release */,
			);
			defaultConfigurationIsVisible = 0;
			defaultConfigurationName = Release;
		};
/* End XCConfigurationList section */

/* Begin XCVersionGroup section */
		EDFB0B0A2ACC848D00CC2197 /* accountOrganizationCoreData.xcdatamodeld */ = {
			isa = XCVersionGroup;
			children = (
				EDFB0B0B2ACC848D00CC2197 /* accountOrganizationCoreData.xcdatamodel */,
			);
			currentVersion = EDFB0B0B2ACC848D00CC2197 /* accountOrganizationCoreData.xcdatamodel */;
			path = accountOrganizationCoreData.xcdatamodeld;
			sourceTree = "<group>";
			versionGroupType = wrapper.xcdatamodel;
		};
/* End XCVersionGroup section */
	};
	rootObject = ED9776E92A657C2C0014B054 /* Project object */;
}
